
Microsoft Visual Studio Solution File, Format Version 12.00
# Visual Studio 2013
VisualStudioVersion = 12.0.40629.0
MinimumVisualStudioVersion = 10.0.40219.1
Project("{FAE04EC0-301F-11D3-BF4B-00C04F79EFBC}") = "DentalConsulting", "DentalConsulting\DentalConsulting.csproj", "{61EB136F-629D-4002-BFF5-D7A8B7CEC45C}"
EndProject
Project("{F088123C-0E9E-452A-89E6-6BA2F21D5CAC}") = "ModelingSiteProject", "ModelingSiteProject\ModelingSiteProject.modelproj", "{F979777F-4788-48CC-BFE9-72AD0716A2F1}"
EndProject
Project("{FAE04EC0-301F-11D3-BF4B-00C04F79EFBC}") = "DentalConsultingData", "DentalConsultingData\DentalConsultingData.csproj", "{8EDC206D-21B1-4702-8675-E3490E57C314}"
EndProject
Project("{FAE04EC0-301F-11D3-BF4B-00C04F79EFBC}") = "DentalConsultingDAL", "DentalConsultingDAL\DentalConsultingDAL.csproj", "{9462930D-46C8-4E5A-A932-5F1E330FB438}"
EndProject
Global
	GlobalSection(SolutionConfigurationPlatforms) = preSolution
		Debug|Any CPU = Debug|Any CPU
		Release|Any CPU = Release|Any CPU
	EndGlobalSection
	GlobalSection(ProjectConfigurationPlatforms) = postSolution
		{61EB136F-629D-4002-BFF5-D7A8B7CEC45C}.Debug|Any CPU.ActiveCfg = Debug|Any CPU
		{61EB136F-629D-4002-BFF5-D7A8B7CEC45C}.Debug|Any CPU.Build.0 = Debug|Any CPU
		{61EB136F-629D-4002-BFF5-D7A8B7CEC45C}.Release|Any CPU.ActiveCfg = Release|Any CPU
		{61EB136F-629D-4002-BFF5-D7A8B7CEC45C}.Release|Any CPU.Build.0 = Release|Any CPU
		{F979777F-4788-48CC-BFE9-72AD0716A2F1}.Debug|Any CPU.ActiveCfg = Debug|Any CPU
		{F979777F-4788-48CC-BFE9-72AD0716A2F1}.Debug|Any CPU.Build.0 = Debug|Any CPU
		{F979777F-4788-48CC-BFE9-72AD0716A2F1}.Release|Any CPU.ActiveCfg = Release|Any CPU
		{F979777F-4788-48CC-BFE9-72AD0716A2F1}.Release|Any CPU.Build.0 = Release|Any CPU
		{8EDC206D-21B1-4702-8675-E3490E57C314}.Debug|Any CPU.ActiveCfg = Debug|Any CPU
		{8EDC206D-21B1-4702-8675-E3490E57C314}.Debug|Any CPU.Build.0 = Debug|Any CPU
		{8EDC206D-21B1-4702-8675-E3490E57C314}.Release|Any CPU.ActiveCfg = Release|Any CPU
		{8EDC206D-21B1-4702-8675-E3490E57C314}.Release|Any CPU.Build.0 = Release|Any CPU
		{9462930D-46C8-4E5A-A932-5F1E330FB438}.Debug|Any CPU.ActiveCfg = Debug|Any CPU
		{9462930D-46C8-4E5A-A932-5F1E330FB438}.Debug|Any CPU.Build.0 = Debug|Any CPU
		{9462930D-46C8-4E5A-A932-5F1E330FB438}.Release|Any CPU.ActiveCfg = Release|Any CPU
		{9462930D-46C8-4E5A-A932-5F1E330FB438}.Release|Any CPU.Build.0 = Release|Any CPU
	EndGlobalSection
	GlobalSection(SolutionProperties) = preSolution
		HideSolutionNode = FALSE
	EndGlobalSection
EndGlobal
